
Microsoft Visual Studio Solution File, Format Version 12.00
# Visual Studio Version 17
VisualStudioVersion = 17.13.35806.99
MinimumVisualStudioVersion = 10.0.40219.1
Project("{2150E333-8FDC-42A3-9474-1A3956D46DE8}") = "01", "01", "{02EA681E-C7D8-13C7-8484-4AC65E1B71E8}"
EndProject
Project("{FAE04EC0-301F-11D3-BF4B-00C04F79EFBC}") = "IsNumberOddOrNot", "IsNumberOddOrNot\IsNumberOddOrNot.csproj", "{874F9C43-435E-48B3-AE26-2F7FF081FA6F}"
EndProject
Project("{2150E333-8FDC-42A3-9474-1A3956D46DE8}") = "02", "02", "{003B1A64-9886-49CB-BB32-AB631CFAFEED}"
EndProject
Project("{FAE04EC0-301F-11D3-BF4B-00C04F79EFBC}") = "TheGreathestNumber", "TheGreathestNumber\TheGreathestNumber.csproj", "{C7A59248-7524-45D9-BCC9-41FE25B2D351}"
EndProject
Project("{2150E333-8FDC-42A3-9474-1A3956D46DE8}") = "03", "03", "{BD798AC7-A35F-4B02-9E3D-482638719405}"
EndProject
Project("{FAE04EC0-301F-11D3-BF4B-00C04F79EFBC}") = "SortNumbers", "SortNumbers\SortNumbers.csproj", "{F32ED487-D575-4E54-8B1B-879C22B9347D}"
EndProject
Project("{2150E333-8FDC-42A3-9474-1A3956D46DE8}") = "04", "04", "{59B3CDA2-4959-4C76-9DAF-814B2BCD790A}"
EndProject
Project("{FAE04EC0-301F-11D3-BF4B-00C04F79EFBC}") = "IsMultipleOfAnother", "IsMultipleOfAnother\IsMultipleOfAnother.csproj", "{4F3708F5-02D8-4465-A02B-DFAA1C88310A}"
EndProject
Project("{2150E333-8FDC-42A3-9474-1A3956D46DE8}") = "05", "05", "{4D37BAE7-3590-434F-885C-69CDA9D42B68}"
EndProject
Project("{FAE04EC0-301F-11D3-BF4B-00C04F79EFBC}") = "IsLeapYear", "IsLeapYear\IsLeapYear.csproj", "{197881C9-BE26-4802-A5EA-914536FA0463}"
EndProject
Project("{2150E333-8FDC-42A3-9474-1A3956D46DE8}") = "Shared", "Shared", "{F08B898E-AF46-4FFA-8832-F08648162993}"
	ProjectSection(SolutionItems) = preProject
		Shared\ConsoleExtension.cs = Shared\ConsoleExtension.cs
		Shared\DateUtilities.cs = Shared\DateUtilities.cs
		Shared\MyMath.cs = Shared\MyMath.cs
		Shared\Shared.csproj = Shared\Shared.csproj
	EndProjectSection
EndProject
Project("{2150E333-8FDC-42A3-9474-1A3956D46DE8}") = "06", "06", "{226604A4-BFD9-46D7-B55D-6379739B5E51}"
EndProject
Project("{FAE04EC0-301F-11D3-BF4B-00C04F79EFBC}") = "SimplePayroll", "SimplePayroll\SimplePayroll.csproj", "{76A49FB4-66C7-420A-BBE0-4518667AE7B7}"
EndProject
Global
	GlobalSection(SolutionConfigurationPlatforms) = preSolution
		Debug|Any CPU = Debug|Any CPU
		Release|Any CPU = Release|Any CPU
	EndGlobalSection
	GlobalSection(ProjectConfigurationPlatforms) = postSolution
		{874F9C43-435E-48B3-AE26-2F7FF081FA6F}.Debug|Any CPU.ActiveCfg = Debug|Any CPU
		{874F9C43-435E-48B3-AE26-2F7FF081FA6F}.Debug|Any CPU.Build.0 = Debug|Any CPU
		{874F9C43-435E-48B3-AE26-2F7FF081FA6F}.Release|Any CPU.ActiveCfg = Release|Any CPU
		{874F9C43-435E-48B3-AE26-2F7FF081FA6F}.Release|Any CPU.Build.0 = Release|Any CPU
		{C7A59248-7524-45D9-BCC9-41FE25B2D351}.Debug|Any CPU.ActiveCfg = Debug|Any CPU
		{C7A59248-7524-45D9-BCC9-41FE25B2D351}.Debug|Any CPU.Build.0 = Debug|Any CPU
		{C7A59248-7524-45D9-BCC9-41FE25B2D351}.Release|Any CPU.ActiveCfg = Release|Any CPU
		{C7A59248-7524-45D9-BCC9-41FE25B2D351}.Release|Any CPU.Build.0 = Release|Any CPU
		{F32ED487-D575-4E54-8B1B-879C22B9347D}.Debug|Any CPU.ActiveCfg = Debug|Any CPU
		{F32ED487-D575-4E54-8B1B-879C22B9347D}.Debug|Any CPU.Build.0 = Debug|Any CPU
		{F32ED487-D575-4E54-8B1B-879C22B9347D}.Release|Any CPU.ActiveCfg = Release|Any CPU
		{F32ED487-D575-4E54-8B1B-879C22B9347D}.Release|Any CPU.Build.0 = Release|Any CPU
		{4F3708F5-02D8-4465-A02B-DFAA1C88310A}.Debug|Any CPU.ActiveCfg = Debug|Any CPU
		{4F3708F5-02D8-4465-A02B-DFAA1C88310A}.Debug|Any CPU.Build.0 = Debug|Any CPU
		{4F3708F5-02D8-4465-A02B-DFAA1C88310A}.Release|Any CPU.ActiveCfg = Release|Any CPU
		{4F3708F5-02D8-4465-A02B-DFAA1C88310A}.Release|Any CPU.Build.0 = Release|Any CPU
		{197881C9-BE26-4802-A5EA-914536FA0463}.Debug|Any CPU.ActiveCfg = Debug|Any CPU
		{197881C9-BE26-4802-A5EA-914536FA0463}.Debug|Any CPU.Build.0 = Debug|Any CPU
		{197881C9-BE26-4802-A5EA-914536FA0463}.Release|Any CPU.ActiveCfg = Release|Any CPU
		{197881C9-BE26-4802-A5EA-914536FA0463}.Release|Any CPU.Build.0 = Release|Any CPU
		{76A49FB4-66C7-420A-BBE0-4518667AE7B7}.Debug|Any CPU.ActiveCfg = Debug|Any CPU
		{76A49FB4-66C7-420A-BBE0-4518667AE7B7}.Debug|Any CPU.Build.0 = Debug|Any CPU
		{76A49FB4-66C7-420A-BBE0-4518667AE7B7}.Release|Any CPU.ActiveCfg = Release|Any CPU
		{76A49FB4-66C7-420A-BBE0-4518667AE7B7}.Release|Any CPU.Build.0 = Release|Any CPU
	EndGlobalSection
	GlobalSection(SolutionProperties) = preSolution
		HideSolutionNode = FALSE
	EndGlobalSection
	GlobalSection(NestedProjects) = preSolution
		{874F9C43-435E-48B3-AE26-2F7FF081FA6F} = {02EA681E-C7D8-13C7-8484-4AC65E1B71E8}
		{C7A59248-7524-45D9-BCC9-41FE25B2D351} = {003B1A64-9886-49CB-BB32-AB631CFAFEED}
		{F32ED487-D575-4E54-8B1B-879C22B9347D} = {BD798AC7-A35F-4B02-9E3D-482638719405}
		{4F3708F5-02D8-4465-A02B-DFAA1C88310A} = {59B3CDA2-4959-4C76-9DAF-814B2BCD790A}
		{197881C9-BE26-4802-A5EA-914536FA0463} = {4D37BAE7-3590-434F-885C-69CDA9D42B68}
		{76A49FB4-66C7-420A-BBE0-4518667AE7B7} = {226604A4-BFD9-46D7-B55D-6379739B5E51}
	EndGlobalSection
	GlobalSection(ExtensibilityGlobals) = postSolution
		SolutionGuid = {6468016C-5877-48E7-9CE9-3F722284082C}
	EndGlobalSection
EndGlobal
